
Microsoft Visual Studio Solution File, Format Version 12.00
# Visual Studio Version 17
VisualStudioVersion = 17.4.33205.214
MinimumVisualStudioVersion = 10.0.40219.1
Project("{FAE04EC0-301F-11D3-BF4B-00C04F79EFBC}") = "aula131", "aula131\aula131.csproj", "{F96DCD11-690C-4547-9A7E-BA146C6CF192}"
EndProject
Global
	GlobalSection(SolutionConfigurationPlatforms) = preSolution
		Debug|Any CPU = Debug|Any CPU
		Release|Any CPU = Release|Any CPU
	EndGlobalSection
	GlobalSection(ProjectConfigurationPlatforms) = postSolution
		{F96DCD11-690C-4547-9A7E-BA146C6CF192}.Debug|Any CPU.ActiveCfg = Debug|Any CPU
		{F96DCD11-690C-4547-9A7E-BA146C6CF192}.Debug|Any CPU.Build.0 = Debug|Any CPU
		{F96DCD11-690C-4547-9A7E-BA146C6CF192}.Release|Any CPU.ActiveCfg = Release|Any CPU
		{F96DCD11-690C-4547-9A7E-BA146C6CF192}.Release|Any CPU.Build.0 = Release|Any CPU
	EndGlobalSection
	GlobalSection(SolutionProperties) = preSolution
		HideSolutionNode = FALSE
	EndGlobalSection
	GlobalSection(ExtensibilityGlobals) = postSolution
		SolutionGuid = {59FF852C-6A8D-48E7-ABB6-492DA3B73968}
	EndGlobalSection
EndGlobal
