
Microsoft Visual Studio Solution File, Format Version 12.00
# Visual Studio Version 17
VisualStudioVersion = 17.3.32929.385
MinimumVisualStudioVersion = 10.0.40219.1
Project("{FAE04EC0-301F-11D3-BF4B-00C04F79EFBC}") = "entradaDeDados", "entradaDeDados\entradaDeDados.csproj", "{439FD8B6-13AB-4E16-8D71-3031CC7B435B}"
EndProject
Global
	GlobalSection(SolutionConfigurationPlatforms) = preSolution
		Debug|Any CPU = Debug|Any CPU
		Release|Any CPU = Release|Any CPU
	EndGlobalSection
	GlobalSection(ProjectConfigurationPlatforms) = postSolution
		{439FD8B6-13AB-4E16-8D71-3031CC7B435B}.Debug|Any CPU.ActiveCfg = Debug|Any CPU
		{439FD8B6-13AB-4E16-8D71-3031CC7B435B}.Debug|Any CPU.Build.0 = Debug|Any CPU
		{439FD8B6-13AB-4E16-8D71-3031CC7B435B}.Release|Any CPU.ActiveCfg = Release|Any CPU
		{439FD8B6-13AB-4E16-8D71-3031CC7B435B}.Release|Any CPU.Build.0 = Release|Any CPU
	EndGlobalSection
	GlobalSection(SolutionProperties) = preSolution
		HideSolutionNode = FALSE
	EndGlobalSection
	GlobalSection(ExtensibilityGlobals) = postSolution
		SolutionGuid = {E4A1DAC2-4FE1-4B06-B59B-7CE4A167496F}
	EndGlobalSection
EndGlobal
