
Microsoft Visual Studio Solution File, Format Version 12.00
# Visual Studio Version 17
VisualStudioVersion = 17.4.33213.308
MinimumVisualStudioVersion = 10.0.40219.1
Project("{FAE04EC0-301F-11D3-BF4B-00C04F79EFBC}") = "aula213e214", "aula213e214\aula213e214.csproj", "{FDFFC289-2867-4633-8B58-540687554DB8}"
EndProject
Global
	GlobalSection(SolutionConfigurationPlatforms) = preSolution
		Debug|Any CPU = Debug|Any CPU
		Release|Any CPU = Release|Any CPU
	EndGlobalSection
	GlobalSection(ProjectConfigurationPlatforms) = postSolution
		{FDFFC289-2867-4633-8B58-540687554DB8}.Debug|Any CPU.ActiveCfg = Debug|Any CPU
		{FDFFC289-2867-4633-8B58-540687554DB8}.Debug|Any CPU.Build.0 = Debug|Any CPU
		{FDFFC289-2867-4633-8B58-540687554DB8}.Release|Any CPU.ActiveCfg = Release|Any CPU
		{FDFFC289-2867-4633-8B58-540687554DB8}.Release|Any CPU.Build.0 = Release|Any CPU
	EndGlobalSection
	GlobalSection(SolutionProperties) = preSolution
		HideSolutionNode = FALSE
	EndGlobalSection
	GlobalSection(ExtensibilityGlobals) = postSolution
		SolutionGuid = {22AE6CBC-F37E-42AB-9945-BAB7FC388629}
	EndGlobalSection
EndGlobal
