
Microsoft Visual Studio Solution File, Format Version 12.00
# Visual Studio Version 17
VisualStudioVersion = 17.3.32929.385
MinimumVisualStudioVersion = 10.0.40219.1
Project("{FAE04EC0-301F-11D3-BF4B-00C04F79EFBC}") = "contrutores", "contrutores\contrutores.csproj", "{04CD6110-653C-4458-94A7-C0B2A2BD427A}"
EndProject
Global
	GlobalSection(SolutionConfigurationPlatforms) = preSolution
		Debug|Any CPU = Debug|Any CPU
		Release|Any CPU = Release|Any CPU
	EndGlobalSection
	GlobalSection(ProjectConfigurationPlatforms) = postSolution
		{04CD6110-653C-4458-94A7-C0B2A2BD427A}.Debug|Any CPU.ActiveCfg = Debug|Any CPU
		{04CD6110-653C-4458-94A7-C0B2A2BD427A}.Debug|Any CPU.Build.0 = Debug|Any CPU
		{04CD6110-653C-4458-94A7-C0B2A2BD427A}.Release|Any CPU.ActiveCfg = Release|Any CPU
		{04CD6110-653C-4458-94A7-C0B2A2BD427A}.Release|Any CPU.Build.0 = Release|Any CPU
	EndGlobalSection
	GlobalSection(SolutionProperties) = preSolution
		HideSolutionNode = FALSE
	EndGlobalSection
	GlobalSection(ExtensibilityGlobals) = postSolution
		SolutionGuid = {8F8BAF9E-6265-4B07-AC7E-20ACDDE19494}
	EndGlobalSection
EndGlobal
