
Microsoft Visual Studio Solution File, Format Version 12.00
# Visual Studio Version 17
VisualStudioVersion = 17.4.33205.214
MinimumVisualStudioVersion = 10.0.40219.1
Project("{FAE04EC0-301F-11D3-BF4B-00C04F79EFBC}") = "aula80", "aula80\aula80.csproj", "{CF189378-DAAF-4D64-84E7-BAFDB7791F5D}"
EndProject
Global
	GlobalSection(SolutionConfigurationPlatforms) = preSolution
		Debug|Any CPU = Debug|Any CPU
		Release|Any CPU = Release|Any CPU
	EndGlobalSection
	GlobalSection(ProjectConfigurationPlatforms) = postSolution
		{CF189378-DAAF-4D64-84E7-BAFDB7791F5D}.Debug|Any CPU.ActiveCfg = Debug|Any CPU
		{CF189378-DAAF-4D64-84E7-BAFDB7791F5D}.Debug|Any CPU.Build.0 = Debug|Any CPU
		{CF189378-DAAF-4D64-84E7-BAFDB7791F5D}.Release|Any CPU.ActiveCfg = Release|Any CPU
		{CF189378-DAAF-4D64-84E7-BAFDB7791F5D}.Release|Any CPU.Build.0 = Release|Any CPU
	EndGlobalSection
	GlobalSection(SolutionProperties) = preSolution
		HideSolutionNode = FALSE
	EndGlobalSection
	GlobalSection(ExtensibilityGlobals) = postSolution
		SolutionGuid = {F5C734EE-6CD2-4398-9D4D-655CB88B901A}
	EndGlobalSection
EndGlobal
