
Microsoft Visual Studio Solution File, Format Version 12.00
# Visual Studio Version 17
VisualStudioVersion = 17.4.33205.214
MinimumVisualStudioVersion = 10.0.40219.1
Project("{FAE04EC0-301F-11D3-BF4B-00C04F79EFBC}") = "aula226", "aula226\aula226.csproj", "{F5BB2D9D-2648-4B8E-B4CE-B2B9AC3D26F7}"
EndProject
Global
	GlobalSection(SolutionConfigurationPlatforms) = preSolution
		Debug|Any CPU = Debug|Any CPU
		Release|Any CPU = Release|Any CPU
	EndGlobalSection
	GlobalSection(ProjectConfigurationPlatforms) = postSolution
		{F5BB2D9D-2648-4B8E-B4CE-B2B9AC3D26F7}.Debug|Any CPU.ActiveCfg = Debug|Any CPU
		{F5BB2D9D-2648-4B8E-B4CE-B2B9AC3D26F7}.Debug|Any CPU.Build.0 = Debug|Any CPU
		{F5BB2D9D-2648-4B8E-B4CE-B2B9AC3D26F7}.Release|Any CPU.ActiveCfg = Release|Any CPU
		{F5BB2D9D-2648-4B8E-B4CE-B2B9AC3D26F7}.Release|Any CPU.Build.0 = Release|Any CPU
	EndGlobalSection
	GlobalSection(SolutionProperties) = preSolution
		HideSolutionNode = FALSE
	EndGlobalSection
	GlobalSection(ExtensibilityGlobals) = postSolution
		SolutionGuid = {85E0ADEC-FCEB-4DEE-A01F-8AE306FA267F}
	EndGlobalSection
EndGlobal
