
Microsoft Visual Studio Solution File, Format Version 12.00
# Visual Studio Version 17
VisualStudioVersion = 17.3.32929.385
MinimumVisualStudioVersion = 10.0.40219.1
Project("{FAE04EC0-301F-11D3-BF4B-00C04F79EFBC}") = "PrimeiroProjeto", "PrimeiroProjeto\PrimeiroProjeto.csproj", "{CF0BBADF-E35E-40C4-91A0-2A2300888C42}"
EndProject
Global
	GlobalSection(SolutionConfigurationPlatforms) = preSolution
		Debug|Any CPU = Debug|Any CPU
		Release|Any CPU = Release|Any CPU
	EndGlobalSection
	GlobalSection(ProjectConfigurationPlatforms) = postSolution
		{CF0BBADF-E35E-40C4-91A0-2A2300888C42}.Debug|Any CPU.ActiveCfg = Debug|Any CPU
		{CF0BBADF-E35E-40C4-91A0-2A2300888C42}.Debug|Any CPU.Build.0 = Debug|Any CPU
		{CF0BBADF-E35E-40C4-91A0-2A2300888C42}.Release|Any CPU.ActiveCfg = Release|Any CPU
		{CF0BBADF-E35E-40C4-91A0-2A2300888C42}.Release|Any CPU.Build.0 = Release|Any CPU
	EndGlobalSection
	GlobalSection(SolutionProperties) = preSolution
		HideSolutionNode = FALSE
	EndGlobalSection
	GlobalSection(ExtensibilityGlobals) = postSolution
		SolutionGuid = {0BFB0B73-D092-455C-986A-54E3ADD91DAE}
	EndGlobalSection
EndGlobal
