
Microsoft Visual Studio Solution File, Format Version 12.00
# Visual Studio Version 17
VisualStudioVersion = 17.3.32929.385
MinimumVisualStudioVersion = 10.0.40219.1
Project("{FAE04EC0-301F-11D3-BF4B-00C04F79EFBC}") = "ConversoesDeTipos", "ConversoesDeTipos\ConversoesDeTipos.csproj", "{819FEF96-EBCA-4D37-B689-8D6497EC163C}"
EndProject
Global
	GlobalSection(SolutionConfigurationPlatforms) = preSolution
		Debug|Any CPU = Debug|Any CPU
		Release|Any CPU = Release|Any CPU
	EndGlobalSection
	GlobalSection(ProjectConfigurationPlatforms) = postSolution
		{819FEF96-EBCA-4D37-B689-8D6497EC163C}.Debug|Any CPU.ActiveCfg = Debug|Any CPU
		{819FEF96-EBCA-4D37-B689-8D6497EC163C}.Debug|Any CPU.Build.0 = Debug|Any CPU
		{819FEF96-EBCA-4D37-B689-8D6497EC163C}.Release|Any CPU.ActiveCfg = Release|Any CPU
		{819FEF96-EBCA-4D37-B689-8D6497EC163C}.Release|Any CPU.Build.0 = Release|Any CPU
	EndGlobalSection
	GlobalSection(SolutionProperties) = preSolution
		HideSolutionNode = FALSE
	EndGlobalSection
	GlobalSection(ExtensibilityGlobals) = postSolution
		SolutionGuid = {D4773A52-204A-43A9-9433-E9D07DDB0EC0}
	EndGlobalSection
EndGlobal
