
Microsoft Visual Studio Solution File, Format Version 12.00
# Visual Studio Version 17
VisualStudioVersion = 17.4.33205.214
MinimumVisualStudioVersion = 10.0.40219.1
Project("{FAE04EC0-301F-11D3-BF4B-00C04F79EFBC}") = "aula87", "aula87\aula87.csproj", "{52BC0BAE-82BD-4E42-A2C8-E96FC9DDF227}"
EndProject
Global
	GlobalSection(SolutionConfigurationPlatforms) = preSolution
		Debug|Any CPU = Debug|Any CPU
		Release|Any CPU = Release|Any CPU
	EndGlobalSection
	GlobalSection(ProjectConfigurationPlatforms) = postSolution
		{52BC0BAE-82BD-4E42-A2C8-E96FC9DDF227}.Debug|Any CPU.ActiveCfg = Debug|Any CPU
		{52BC0BAE-82BD-4E42-A2C8-E96FC9DDF227}.Debug|Any CPU.Build.0 = Debug|Any CPU
		{52BC0BAE-82BD-4E42-A2C8-E96FC9DDF227}.Release|Any CPU.ActiveCfg = Release|Any CPU
		{52BC0BAE-82BD-4E42-A2C8-E96FC9DDF227}.Release|Any CPU.Build.0 = Release|Any CPU
	EndGlobalSection
	GlobalSection(SolutionProperties) = preSolution
		HideSolutionNode = FALSE
	EndGlobalSection
	GlobalSection(ExtensibilityGlobals) = postSolution
		SolutionGuid = {F5EAFA1A-5CCA-4CA1-B2A4-E47AD4E176D6}
	EndGlobalSection
EndGlobal
