
Microsoft Visual Studio Solution File, Format Version 12.00
# Visual Studio Version 17
VisualStudioVersion = 17.4.33205.214
MinimumVisualStudioVersion = 10.0.40219.1
Project("{FAE04EC0-301F-11D3-BF4B-00C04F79EFBC}") = "aula57_autoProperties", "aula57_autoProperties\aula57_autoProperties.csproj", "{6E811D57-4373-471E-AD1E-07FB5F0B6C63}"
EndProject
Global
	GlobalSection(SolutionConfigurationPlatforms) = preSolution
		Debug|Any CPU = Debug|Any CPU
		Release|Any CPU = Release|Any CPU
	EndGlobalSection
	GlobalSection(ProjectConfigurationPlatforms) = postSolution
		{6E811D57-4373-471E-AD1E-07FB5F0B6C63}.Debug|Any CPU.ActiveCfg = Debug|Any CPU
		{6E811D57-4373-471E-AD1E-07FB5F0B6C63}.Debug|Any CPU.Build.0 = Debug|Any CPU
		{6E811D57-4373-471E-AD1E-07FB5F0B6C63}.Release|Any CPU.ActiveCfg = Release|Any CPU
		{6E811D57-4373-471E-AD1E-07FB5F0B6C63}.Release|Any CPU.Build.0 = Release|Any CPU
	EndGlobalSection
	GlobalSection(SolutionProperties) = preSolution
		HideSolutionNode = FALSE
	EndGlobalSection
	GlobalSection(ExtensibilityGlobals) = postSolution
		SolutionGuid = {EFC5743A-3796-4270-8387-6F40DCBEB266}
	EndGlobalSection
EndGlobal
