
Microsoft Visual Studio Solution File, Format Version 12.00
# Visual Studio Version 17
VisualStudioVersion = 17.4.33205.214
MinimumVisualStudioVersion = 10.0.40219.1
Project("{FAE04EC0-301F-11D3-BF4B-00C04F79EFBC}") = "aula145", "aula145\aula145.csproj", "{3FAFAEDD-BDF8-40D7-A4A6-C3D7A6AB2D4C}"
EndProject
Global
	GlobalSection(SolutionConfigurationPlatforms) = preSolution
		Debug|Any CPU = Debug|Any CPU
		Release|Any CPU = Release|Any CPU
	EndGlobalSection
	GlobalSection(ProjectConfigurationPlatforms) = postSolution
		{3FAFAEDD-BDF8-40D7-A4A6-C3D7A6AB2D4C}.Debug|Any CPU.ActiveCfg = Debug|Any CPU
		{3FAFAEDD-BDF8-40D7-A4A6-C3D7A6AB2D4C}.Debug|Any CPU.Build.0 = Debug|Any CPU
		{3FAFAEDD-BDF8-40D7-A4A6-C3D7A6AB2D4C}.Release|Any CPU.ActiveCfg = Release|Any CPU
		{3FAFAEDD-BDF8-40D7-A4A6-C3D7A6AB2D4C}.Release|Any CPU.Build.0 = Release|Any CPU
	EndGlobalSection
	GlobalSection(SolutionProperties) = preSolution
		HideSolutionNode = FALSE
	EndGlobalSection
	GlobalSection(ExtensibilityGlobals) = postSolution
		SolutionGuid = {A4D07A88-C8AC-4A95-87BE-3B4B15D9FA83}
	EndGlobalSection
EndGlobal
