
Microsoft Visual Studio Solution File, Format Version 12.00
# Visual Studio Version 17
VisualStudioVersion = 17.4.33205.214
MinimumVisualStudioVersion = 10.0.40219.1
Project("{FAE04EC0-301F-11D3-BF4B-00C04F79EFBC}") = "Aula222", "Aula222\Aula222.csproj", "{AC35D726-B4B5-4F88-9831-08E5DE1B6BD3}"
EndProject
Global
	GlobalSection(SolutionConfigurationPlatforms) = preSolution
		Debug|Any CPU = Debug|Any CPU
		Release|Any CPU = Release|Any CPU
	EndGlobalSection
	GlobalSection(ProjectConfigurationPlatforms) = postSolution
		{AC35D726-B4B5-4F88-9831-08E5DE1B6BD3}.Debug|Any CPU.ActiveCfg = Debug|Any CPU
		{AC35D726-B4B5-4F88-9831-08E5DE1B6BD3}.Debug|Any CPU.Build.0 = Debug|Any CPU
		{AC35D726-B4B5-4F88-9831-08E5DE1B6BD3}.Release|Any CPU.ActiveCfg = Release|Any CPU
		{AC35D726-B4B5-4F88-9831-08E5DE1B6BD3}.Release|Any CPU.Build.0 = Release|Any CPU
	EndGlobalSection
	GlobalSection(SolutionProperties) = preSolution
		HideSolutionNode = FALSE
	EndGlobalSection
	GlobalSection(ExtensibilityGlobals) = postSolution
		SolutionGuid = {86E0530F-3B72-48AD-8856-FB22710DC9BF}
	EndGlobalSection
EndGlobal
