
Microsoft Visual Studio Solution File, Format Version 12.00
# Visual Studio Version 17
VisualStudioVersion = 17.4.33205.214
MinimumVisualStudioVersion = 10.0.40219.1
Project("{FAE04EC0-301F-11D3-BF4B-00C04F79EFBC}") = "aula85", "aula85\aula85.csproj", "{7F5C5B40-1C5E-46B3-8CD7-DD67E402C39A}"
EndProject
Global
	GlobalSection(SolutionConfigurationPlatforms) = preSolution
		Debug|Any CPU = Debug|Any CPU
		Release|Any CPU = Release|Any CPU
	EndGlobalSection
	GlobalSection(ProjectConfigurationPlatforms) = postSolution
		{7F5C5B40-1C5E-46B3-8CD7-DD67E402C39A}.Debug|Any CPU.ActiveCfg = Debug|Any CPU
		{7F5C5B40-1C5E-46B3-8CD7-DD67E402C39A}.Debug|Any CPU.Build.0 = Debug|Any CPU
		{7F5C5B40-1C5E-46B3-8CD7-DD67E402C39A}.Release|Any CPU.ActiveCfg = Release|Any CPU
		{7F5C5B40-1C5E-46B3-8CD7-DD67E402C39A}.Release|Any CPU.Build.0 = Release|Any CPU
	EndGlobalSection
	GlobalSection(SolutionProperties) = preSolution
		HideSolutionNode = FALSE
	EndGlobalSection
	GlobalSection(ExtensibilityGlobals) = postSolution
		SolutionGuid = {CE1F37EF-8679-4788-AD4A-897DBEBA025F}
	EndGlobalSection
EndGlobal
