
Microsoft Visual Studio Solution File, Format Version 12.00
# Visual Studio Version 17
VisualStudioVersion = 17.4.33205.214
MinimumVisualStudioVersion = 10.0.40219.1
Project("{FAE04EC0-301F-11D3-BF4B-00C04F79EFBC}") = "aula89", "aula89\aula89.csproj", "{445E3A87-E7DD-4D9C-870D-F0A89B7D102E}"
EndProject
Global
	GlobalSection(SolutionConfigurationPlatforms) = preSolution
		Debug|Any CPU = Debug|Any CPU
		Release|Any CPU = Release|Any CPU
	EndGlobalSection
	GlobalSection(ProjectConfigurationPlatforms) = postSolution
		{445E3A87-E7DD-4D9C-870D-F0A89B7D102E}.Debug|Any CPU.ActiveCfg = Debug|Any CPU
		{445E3A87-E7DD-4D9C-870D-F0A89B7D102E}.Debug|Any CPU.Build.0 = Debug|Any CPU
		{445E3A87-E7DD-4D9C-870D-F0A89B7D102E}.Release|Any CPU.ActiveCfg = Release|Any CPU
		{445E3A87-E7DD-4D9C-870D-F0A89B7D102E}.Release|Any CPU.Build.0 = Release|Any CPU
	EndGlobalSection
	GlobalSection(SolutionProperties) = preSolution
		HideSolutionNode = FALSE
	EndGlobalSection
	GlobalSection(ExtensibilityGlobals) = postSolution
		SolutionGuid = {BBABE658-9160-4CD8-AEDF-1B07835E2999}
	EndGlobalSection
EndGlobal
