
Microsoft Visual Studio Solution File, Format Version 12.00
# Visual Studio Version 17
VisualStudioVersion = 17.3.32929.385
MinimumVisualStudioVersion = 10.0.40219.1
Project("{FAE04EC0-301F-11D3-BF4B-00C04F79EFBC}") = "membrosEstaticos2", "membrosEstaticos2\membrosEstaticos2.csproj", "{2AA18B54-56BD-428E-8AAD-11F49B1FC73A}"
EndProject
Global
	GlobalSection(SolutionConfigurationPlatforms) = preSolution
		Debug|Any CPU = Debug|Any CPU
		Release|Any CPU = Release|Any CPU
	EndGlobalSection
	GlobalSection(ProjectConfigurationPlatforms) = postSolution
		{2AA18B54-56BD-428E-8AAD-11F49B1FC73A}.Debug|Any CPU.ActiveCfg = Debug|Any CPU
		{2AA18B54-56BD-428E-8AAD-11F49B1FC73A}.Debug|Any CPU.Build.0 = Debug|Any CPU
		{2AA18B54-56BD-428E-8AAD-11F49B1FC73A}.Release|Any CPU.ActiveCfg = Release|Any CPU
		{2AA18B54-56BD-428E-8AAD-11F49B1FC73A}.Release|Any CPU.Build.0 = Release|Any CPU
	EndGlobalSection
	GlobalSection(SolutionProperties) = preSolution
		HideSolutionNode = FALSE
	EndGlobalSection
	GlobalSection(ExtensibilityGlobals) = postSolution
		SolutionGuid = {52DB4980-79A9-4A11-A7EA-06467992C3EC}
	EndGlobalSection
EndGlobal
