
Microsoft Visual Studio Solution File, Format Version 12.00
# Visual Studio Version 17
VisualStudioVersion = 17.4.33205.214
MinimumVisualStudioVersion = 10.0.40219.1
Project("{FAE04EC0-301F-11D3-BF4B-00C04F79EFBC}") = "aula235", "aula235\aula235.csproj", "{F183FD83-CEF6-4DCC-B8DB-81048B25C48E}"
EndProject
Global
	GlobalSection(SolutionConfigurationPlatforms) = preSolution
		Debug|Any CPU = Debug|Any CPU
		Release|Any CPU = Release|Any CPU
	EndGlobalSection
	GlobalSection(ProjectConfigurationPlatforms) = postSolution
		{F183FD83-CEF6-4DCC-B8DB-81048B25C48E}.Debug|Any CPU.ActiveCfg = Debug|Any CPU
		{F183FD83-CEF6-4DCC-B8DB-81048B25C48E}.Debug|Any CPU.Build.0 = Debug|Any CPU
		{F183FD83-CEF6-4DCC-B8DB-81048B25C48E}.Release|Any CPU.ActiveCfg = Release|Any CPU
		{F183FD83-CEF6-4DCC-B8DB-81048B25C48E}.Release|Any CPU.Build.0 = Release|Any CPU
	EndGlobalSection
	GlobalSection(SolutionProperties) = preSolution
		HideSolutionNode = FALSE
	EndGlobalSection
	GlobalSection(ExtensibilityGlobals) = postSolution
		SolutionGuid = {00AD8C13-06D7-4928-967E-6C86983453D6}
	EndGlobalSection
EndGlobal
